
Microsoft Visual Studio Solution File, Format Version 12.00
# Visual Studio Version 16
VisualStudioVersion = 16.0.29306.81
MinimumVisualStudioVersion = 10.0.40219.1
Project("{FAE04EC0-301F-11D3-BF4B-00C04F79EFBC}") = "WebAPI_All_Sesions", "WebAPI_All_Sesions.csproj", "{15674571-746C-44F3-ADCE-7C29613D5FBB}"
EndProject
Global
	GlobalSection(SolutionConfigurationPlatforms) = preSolution
		Debug|Any CPU = Debug|Any CPU
		Release|Any CPU = Release|Any CPU
	EndGlobalSection
	GlobalSection(ProjectConfigurationPlatforms) = postSolution
		{15674571-746C-44F3-ADCE-7C29613D5FBB}.Debug|Any CPU.ActiveCfg = Debug|Any CPU
		{15674571-746C-44F3-ADCE-7C29613D5FBB}.Debug|Any CPU.Build.0 = Debug|Any CPU
		{15674571-746C-44F3-ADCE-7C29613D5FBB}.Release|Any CPU.ActiveCfg = Release|Any CPU
		{15674571-746C-44F3-ADCE-7C29613D5FBB}.Release|Any CPU.Build.0 = Release|Any CPU
	EndGlobalSection
	GlobalSection(SolutionProperties) = preSolution
		HideSolutionNode = FALSE
	EndGlobalSection
	GlobalSection(ExtensibilityGlobals) = postSolution
		SolutionGuid = {155B7602-9637-4F72-B241-83C7F2271417}
	EndGlobalSection
EndGlobal
